
Microsoft Visual Studio Solution File, Format Version 12.00
# Visual Studio Version 17
VisualStudioVersion = 17.0.31903.59
MinimumVisualStudioVersion = 10.0.40219.1
Project("{FAE04EC0-301F-11D3-BF4B-00C04F79EFBC}") = "Agendamento.Application", "Agendamento.Application\Agendamento.Application.csproj", "{8F6ED5DD-5275-4339-9AAB-866CE04777DF}"
EndProject
Project("{FAE04EC0-301F-11D3-BF4B-00C04F79EFBC}") = "Agendamento.Domain", "Agendamento.Domain\Agendamento.Domain.csproj", "{D1F669A3-687E-418D-A270-C0E4EC654479}"
EndProject
Project("{FAE04EC0-301F-11D3-BF4B-00C04F79EFBC}") = "Agendamento.Infra.Data", "Agendamento.Infra.Data\Agendamento.Infra.Data.csproj", "{A1F4785A-FB0E-4DEA-BA7C-B48F091398E6}"
EndProject
Project("{FAE04EC0-301F-11D3-BF4B-00C04F79EFBC}") = "Agendamento.Infra.IoC", "Agendamento.Infra.IoC\Agendamento.Infra.IoC.csproj", "{53920E75-411D-4DC3-AD46-89934CD0BB02}"
EndProject
Project("{FAE04EC0-301F-11D3-BF4B-00C04F79EFBC}") = "Agendamento.WebAPI", "Agendamento.WebAPI\Agendamento.WebAPI.csproj", "{EEB01FB1-0A90-4B98-AB5F-DD8881E7FF65}"
EndProject
Global
	GlobalSection(SolutionConfigurationPlatforms) = preSolution
		Debug|Any CPU = Debug|Any CPU
		Release|Any CPU = Release|Any CPU
	EndGlobalSection
	GlobalSection(SolutionProperties) = preSolution
		HideSolutionNode = FALSE
	EndGlobalSection
	GlobalSection(ProjectConfigurationPlatforms) = postSolution
		{8F6ED5DD-5275-4339-9AAB-866CE04777DF}.Debug|Any CPU.ActiveCfg = Debug|Any CPU
		{8F6ED5DD-5275-4339-9AAB-866CE04777DF}.Debug|Any CPU.Build.0 = Debug|Any CPU
		{8F6ED5DD-5275-4339-9AAB-866CE04777DF}.Release|Any CPU.ActiveCfg = Release|Any CPU
		{8F6ED5DD-5275-4339-9AAB-866CE04777DF}.Release|Any CPU.Build.0 = Release|Any CPU
		{D1F669A3-687E-418D-A270-C0E4EC654479}.Debug|Any CPU.ActiveCfg = Debug|Any CPU
		{D1F669A3-687E-418D-A270-C0E4EC654479}.Debug|Any CPU.Build.0 = Debug|Any CPU
		{D1F669A3-687E-418D-A270-C0E4EC654479}.Release|Any CPU.ActiveCfg = Release|Any CPU
		{D1F669A3-687E-418D-A270-C0E4EC654479}.Release|Any CPU.Build.0 = Release|Any CPU
		{A1F4785A-FB0E-4DEA-BA7C-B48F091398E6}.Debug|Any CPU.ActiveCfg = Debug|Any CPU
		{A1F4785A-FB0E-4DEA-BA7C-B48F091398E6}.Debug|Any CPU.Build.0 = Debug|Any CPU
		{A1F4785A-FB0E-4DEA-BA7C-B48F091398E6}.Release|Any CPU.ActiveCfg = Release|Any CPU
		{A1F4785A-FB0E-4DEA-BA7C-B48F091398E6}.Release|Any CPU.Build.0 = Release|Any CPU
		{53920E75-411D-4DC3-AD46-89934CD0BB02}.Debug|Any CPU.ActiveCfg = Debug|Any CPU
		{53920E75-411D-4DC3-AD46-89934CD0BB02}.Debug|Any CPU.Build.0 = Debug|Any CPU
		{53920E75-411D-4DC3-AD46-89934CD0BB02}.Release|Any CPU.ActiveCfg = Release|Any CPU
		{53920E75-411D-4DC3-AD46-89934CD0BB02}.Release|Any CPU.Build.0 = Release|Any CPU
		{EEB01FB1-0A90-4B98-AB5F-DD8881E7FF65}.Debug|Any CPU.ActiveCfg = Debug|Any CPU
		{EEB01FB1-0A90-4B98-AB5F-DD8881E7FF65}.Debug|Any CPU.Build.0 = Debug|Any CPU
		{EEB01FB1-0A90-4B98-AB5F-DD8881E7FF65}.Release|Any CPU.ActiveCfg = Release|Any CPU
		{EEB01FB1-0A90-4B98-AB5F-DD8881E7FF65}.Release|Any CPU.Build.0 = Release|Any CPU
	EndGlobalSection
EndGlobal
